// !$*UTF8*$!
{
	archiveVersion = 1;
	classes = {
	};
	objectVersion = 50;
	objects = {

/* Begin PBXBuildFile section */
		A2CCECF8268452A000DD49F0 /* AppDelegate.swift in Sources */ = {isa = PBXBuildFile; fileRef = A2CCECF7268452A000DD49F0 /* AppDelegate.swift */; };
		A2CCECFA268452A000DD49F0 /* SceneDelegate.swift in Sources */ = {isa = PBXBuildFile; fileRef = A2CCECF9268452A000DD49F0 /* SceneDelegate.swift */; };
		A2CCECFF268452A000DD49F0 /* Main.storyboard in Resources */ = {isa = PBXBuildFile; fileRef = A2CCECFD268452A000DD49F0 /* Main.storyboard */; };
		A2CCED01268452A200DD49F0 /* Assets.xcassets in Resources */ = {isa = PBXBuildFile; fileRef = A2CCED00268452A200DD49F0 /* Assets.xcassets */; };
		A2CCED04268452A200DD49F0 /* LaunchScreen.storyboard in Resources */ = {isa = PBXBuildFile; fileRef = A2CCED02268452A200DD49F0 /* LaunchScreen.storyboard */; };
		A2CCED0F268452A200DD49F0 /* WeatherTests.swift in Sources */ = {isa = PBXBuildFile; fileRef = A2CCED0E268452A200DD49F0 /* WeatherTests.swift */; };
		A2CCED1A268452A200DD49F0 /* WeatherUITests.swift in Sources */ = {isa = PBXBuildFile; fileRef = A2CCED19268452A200DD49F0 /* WeatherUITests.swift */; };
		A2CCED4D2684540800DD49F0 /* InfraModule.swift in Sources */ = {isa = PBXBuildFile; fileRef = A2CCED3A2684540800DD49F0 /* InfraModule.swift */; };
		A2CCED4E2684540800DD49F0 /* Networking.swift in Sources */ = {isa = PBXBuildFile; fileRef = A2CCED3B2684540800DD49F0 /* Networking.swift */; };
		A2CCED542684540800DD49F0 /* UIView+EX.swift in Sources */ = {isa = PBXBuildFile; fileRef = A2CCED472684540800DD49F0 /* UIView+EX.swift */; };
		A2CCED552684540800DD49F0 /* String+EX.swift in Sources */ = {isa = PBXBuildFile; fileRef = A2CCED482684540800DD49F0 /* String+EX.swift */; };
		A2CCED562684540800DD49F0 /* UITableView+EX.swift in Sources */ = {isa = PBXBuildFile; fileRef = A2CCED492684540800DD49F0 /* UITableView+EX.swift */; };
		A2CCED572684540800DD49F0 /* BuilderType.swift in Sources */ = {isa = PBXBuildFile; fileRef = A2CCED4A2684540800DD49F0 /* BuilderType.swift */; };
		A2CCED582684540800DD49F0 /* UIImageView+EX.swift in Sources */ = {isa = PBXBuildFile; fileRef = A2CCED4B2684540800DD49F0 /* UIImageView+EX.swift */; };
		A2CCED592684540800DD49F0 /* UILabel+EX.swift in Sources */ = {isa = PBXBuildFile; fileRef = A2CCED4C2684540800DD49F0 /* UILabel+EX.swift */; };
		A2CCED672684547100DD49F0 /* WeatherModel.swift in Sources */ = {isa = PBXBuildFile; fileRef = A2CCED5F2684547100DD49F0 /* WeatherModel.swift */; };
		A2CCED682684547100DD49F0 /* WeatherMetaAPI.swift in Sources */ = {isa = PBXBuildFile; fileRef = A2CCED612684547100DD49F0 /* WeatherMetaAPI.swift */; };
		A2CCED692684547100DD49F0 /* WeatherModule.swift in Sources */ = {isa = PBXBuildFile; fileRef = A2CCED622684547100DD49F0 /* WeatherModule.swift */; };
		A2CCED6A2684547100DD49F0 /* WeatherViewController.swift in Sources */ = {isa = PBXBuildFile; fileRef = A2CCED642684547100DD49F0 /* WeatherViewController.swift */; };
		A2CCED6B2684547100DD49F0 /* WeatherTableViewCell.swift in Sources */ = {isa = PBXBuildFile; fileRef = A2CCED662684547100DD49F0 /* WeatherTableViewCell.swift */; };
/* End PBXBuildFile section */

/* Begin PBXContainerItemProxy section */
		A2CCED0B268452A200DD49F0 /* PBXContainerItemProxy */ = {
			isa = PBXContainerItemProxy;
			containerPortal = A2CCECEC2684529F00DD49F0 /* Project object */;
			proxyType = 1;
			remoteGlobalIDString = A2CCECF32684529F00DD49F0;
			remoteInfo = Weather;
		};
		A2CCED16268452A200DD49F0 /* PBXContainerItemProxy */ = {
			isa = PBXContainerItemProxy;
			containerPortal = A2CCECEC2684529F00DD49F0 /* Project object */;
			proxyType = 1;
			remoteGlobalIDString = A2CCECF32684529F00DD49F0;
			remoteInfo = Weather;
		};
/* End PBXContainerItemProxy section */

/* Begin PBXFileReference section */
		A2CCECF4268452A000DD49F0 /* Weather.app */ = {isa = PBXFileReference; explicitFileType = wrapper.application; includeInIndex = 0; path = Weather.app; sourceTree = BUILT_PRODUCTS_DIR; };
		A2CCECF7268452A000DD49F0 /* AppDelegate.swift */ = {isa = PBXFileReference; lastKnownFileType = sourcecode.swift; path = AppDelegate.swift; sourceTree = "<group>"; };
		A2CCECF9268452A000DD49F0 /* SceneDelegate.swift */ = {isa = PBXFileReference; lastKnownFileType = sourcecode.swift; path = SceneDelegate.swift; sourceTree = "<group>"; };
		A2CCECFE268452A000DD49F0 /* Base */ = {isa = PBXFileReference; lastKnownFileType = file.storyboard; name = Base; path = Base.lproj/Main.storyboard; sourceTree = "<group>"; };
		A2CCED00268452A200DD49F0 /* Assets.xcassets */ = {isa = PBXFileReference; lastKnownFileType = folder.assetcatalog; path = Assets.xcassets; sourceTree = "<group>"; };
		A2CCED03268452A200DD49F0 /* Base */ = {isa = PBXFileReference; lastKnownFileType = file.storyboard; name = Base; path = Base.lproj/LaunchScreen.storyboard; sourceTree = "<group>"; };
		A2CCED05268452A200DD49F0 /* Info.plist */ = {isa = PBXFileReference; lastKnownFileType = text.plist.xml; path = Info.plist; sourceTree = "<group>"; };
		A2CCED0A268452A200DD49F0 /* WeatherTests.xctest */ = {isa = PBXFileReference; explicitFileType = wrapper.cfbundle; includeInIndex = 0; path = WeatherTests.xctest; sourceTree = BUILT_PRODUCTS_DIR; };
		A2CCED0E268452A200DD49F0 /* WeatherTests.swift */ = {isa = PBXFileReference; lastKnownFileType = sourcecode.swift; path = WeatherTests.swift; sourceTree = "<group>"; };
		A2CCED10268452A200DD49F0 /* Info.plist */ = {isa = PBXFileReference; lastKnownFileType = text.plist.xml; path = Info.plist; sourceTree = "<group>"; };
		A2CCED15268452A200DD49F0 /* WeatherUITests.xctest */ = {isa = PBXFileReference; explicitFileType = wrapper.cfbundle; includeInIndex = 0; path = WeatherUITests.xctest; sourceTree = BUILT_PRODUCTS_DIR; };
		A2CCED19268452A200DD49F0 /* WeatherUITests.swift */ = {isa = PBXFileReference; lastKnownFileType = sourcecode.swift; path = WeatherUITests.swift; sourceTree = "<group>"; };
		A2CCED1B268452A200DD49F0 /* Info.plist */ = {isa = PBXFileReference; lastKnownFileType = text.plist.xml; path = Info.plist; sourceTree = "<group>"; };
		A2CCED3A2684540800DD49F0 /* InfraModule.swift */ = {isa = PBXFileReference; fileEncoding = 4; lastKnownFileType = sourcecode.swift; path = InfraModule.swift; sourceTree = "<group>"; };
		A2CCED3B2684540800DD49F0 /* Networking.swift */ = {isa = PBXFileReference; fileEncoding = 4; lastKnownFileType = sourcecode.swift; path = Networking.swift; sourceTree = "<group>"; };
		A2CCED472684540800DD49F0 /* UIView+EX.swift */ = {isa = PBXFileReference; fileEncoding = 4; lastKnownFileType = sourcecode.swift; path = "UIView+EX.swift"; sourceTree = "<group>"; };
		A2CCED482684540800DD49F0 /* String+EX.swift */ = {isa = PBXFileReference; fileEncoding = 4; lastKnownFileType = sourcecode.swift; path = "String+EX.swift"; sourceTree = "<group>"; };
		A2CCED492684540800DD49F0 /* UITableView+EX.swift */ = {isa = PBXFileReference; fileEncoding = 4; lastKnownFileType = sourcecode.swift; path = "UITableView+EX.swift"; sourceTree = "<group>"; };
		A2CCED4A2684540800DD49F0 /* BuilderType.swift */ = {isa = PBXFileReference; fileEncoding = 4; lastKnownFileType = sourcecode.swift; path = BuilderType.swift; sourceTree = "<group>"; };
		A2CCED4B2684540800DD49F0 /* UIImageView+EX.swift */ = {isa = PBXFileReference; fileEncoding = 4; lastKnownFileType = sourcecode.swift; path = "UIImageView+EX.swift"; sourceTree = "<group>"; };
		A2CCED4C2684540800DD49F0 /* UILabel+EX.swift */ = {isa = PBXFileReference; fileEncoding = 4; lastKnownFileType = sourcecode.swift; path = "UILabel+EX.swift"; sourceTree = "<group>"; };
		A2CCED5F2684547100DD49F0 /* WeatherModel.swift */ = {isa = PBXFileReference; fileEncoding = 4; lastKnownFileType = sourcecode.swift; path = WeatherModel.swift; sourceTree = "<group>"; };
		A2CCED612684547100DD49F0 /* WeatherMetaAPI.swift */ = {isa = PBXFileReference; fileEncoding = 4; lastKnownFileType = sourcecode.swift; path = WeatherMetaAPI.swift; sourceTree = "<group>"; };
		A2CCED622684547100DD49F0 /* WeatherModule.swift */ = {isa = PBXFileReference; fileEncoding = 4; lastKnownFileType = sourcecode.swift; path = WeatherModule.swift; sourceTree = "<group>"; };
		A2CCED642684547100DD49F0 /* WeatherViewController.swift */ = {isa = PBXFileReference; fileEncoding = 4; lastKnownFileType = sourcecode.swift; path = WeatherViewController.swift; sourceTree = "<group>"; };
		A2CCED662684547100DD49F0 /* WeatherTableViewCell.swift */ = {isa = PBXFileReference; fileEncoding = 4; lastKnownFileType = sourcecode.swift; path = WeatherTableViewCell.swift; sourceTree = "<group>"; };
/* End PBXFileReference section */

/* Begin PBXFrameworksBuildPhase section */
		A2CCECF12684529F00DD49F0 /* Frameworks */ = {
			isa = PBXFrameworksBuildPhase;
			buildActionMask = 2147483647;
			files = (
			);
			runOnlyForDeploymentPostprocessing = 0;
		};
		A2CCED07268452A200DD49F0 /* Frameworks */ = {
			isa = PBXFrameworksBuildPhase;
			buildActionMask = 2147483647;
			files = (
			);
			runOnlyForDeploymentPostprocessing = 0;
		};
		A2CCED12268452A200DD49F0 /* Frameworks */ = {
			isa = PBXFrameworksBuildPhase;
			buildActionMask = 2147483647;
			files = (
			);
			runOnlyForDeploymentPostprocessing = 0;
		};
/* End PBXFrameworksBuildPhase section */

/* Begin PBXGroup section */
		A2CCECEB2684529F00DD49F0 = {
			isa = PBXGroup;
			children = (
				A2CCECF6268452A000DD49F0 /* Weather */,
				A2CCED0D268452A200DD49F0 /* WeatherTests */,
				A2CCED18268452A200DD49F0 /* WeatherUITests */,
				A2CCECF5268452A000DD49F0 /* Products */,
			);
			sourceTree = "<group>";
		};
		A2CCECF5268452A000DD49F0 /* Products */ = {
			isa = PBXGroup;
			children = (
				A2CCECF4268452A000DD49F0 /* Weather.app */,
				A2CCED0A268452A200DD49F0 /* WeatherTests.xctest */,
				A2CCED15268452A200DD49F0 /* WeatherUITests.xctest */,
			);
			name = Products;
			sourceTree = "<group>";
		};
		A2CCECF6268452A000DD49F0 /* Weather */ = {
			isa = PBXGroup;
			children = (
				A2CCED5D2684547100DD49F0 /* Forecast */,
				A2CCED462684540800DD49F0 /* Extensions */,
				A2CCED392684540800DD49F0 /* Infrastructure */,
				A2CCECF7268452A000DD49F0 /* AppDelegate.swift */,
				A2CCECF9268452A000DD49F0 /* SceneDelegate.swift */,
				A2CCECFD268452A000DD49F0 /* Main.storyboard */,
				A2CCED00268452A200DD49F0 /* Assets.xcassets */,
				A2CCED02268452A200DD49F0 /* LaunchScreen.storyboard */,
				A2CCED05268452A200DD49F0 /* Info.plist */,
			);
			path = Weather;
			sourceTree = "<group>";
		};
		A2CCED0D268452A200DD49F0 /* WeatherTests */ = {
			isa = PBXGroup;
			children = (
				A2CCED0E268452A200DD49F0 /* WeatherTests.swift */,
				A2CCED10268452A200DD49F0 /* Info.plist */,
			);
			path = WeatherTests;
			sourceTree = "<group>";
		};
		A2CCED18268452A200DD49F0 /* WeatherUITests */ = {
			isa = PBXGroup;
			children = (
				A2CCED19268452A200DD49F0 /* WeatherUITests.swift */,
				A2CCED1B268452A200DD49F0 /* Info.plist */,
			);
			path = WeatherUITests;
			sourceTree = "<group>";
		};
		A2CCED392684540800DD49F0 /* Infrastructure */ = {
			isa = PBXGroup;
			children = (
				A2CCED3A2684540800DD49F0 /* InfraModule.swift */,
				A2CCED3B2684540800DD49F0 /* Networking.swift */,
			);
			path = Infrastructure;
			sourceTree = "<group>";
		};
		A2CCED462684540800DD49F0 /* Extensions */ = {
			isa = PBXGroup;
			children = (
				A2CCED472684540800DD49F0 /* UIView+EX.swift */,
				A2CCED482684540800DD49F0 /* String+EX.swift */,
				A2CCED492684540800DD49F0 /* UITableView+EX.swift */,
				A2CCED4A2684540800DD49F0 /* BuilderType.swift */,
				A2CCED4B2684540800DD49F0 /* UIImageView+EX.swift */,
				A2CCED4C2684540800DD49F0 /* UILabel+EX.swift */,
			);
			path = Extensions;
			sourceTree = "<group>";
		};
		A2CCED5D2684547100DD49F0 /* Forecast */ = {
			isa = PBXGroup;
			children = (
				A2CCED5E2684547100DD49F0 /* ViewModels */,
				A2CCED602684547100DD49F0 /* Service */,
				A2CCED632684547100DD49F0 /* Controllers */,
				A2CCED652684547100DD49F0 /* Views */,
			);
			path = Forecast;
			sourceTree = "<group>";
		};
		A2CCED5E2684547100DD49F0 /* ViewModels */ = {
			isa = PBXGroup;
			children = (
				A2CCED5F2684547100DD49F0 /* WeatherModel.swift */,
			);
			path = ViewModels;
			sourceTree = "<group>";
		};
		A2CCED602684547100DD49F0 /* Service */ = {
			isa = PBXGroup;
			children = (
				A2CCED612684547100DD49F0 /* WeatherMetaAPI.swift */,
				A2CCED622684547100DD49F0 /* WeatherModule.swift */,
			);
			path = Service;
			sourceTree = "<group>";
		};
		A2CCED632684547100DD49F0 /* Controllers */ = {
			isa = PBXGroup;
			children = (
				A2CCED642684547100DD49F0 /* WeatherViewController.swift */,
			);
			path = Controllers;
			sourceTree = "<group>";
		};
		A2CCED652684547100DD49F0 /* Views */ = {
			isa = PBXGroup;
			children = (
				A2CCED662684547100DD49F0 /* WeatherTableViewCell.swift */,
			);
			path = Views;
			sourceTree = "<group>";
		};
/* End PBXGroup section */

/* Begin PBXNativeTarget section */
		A2CCECF32684529F00DD49F0 /* Weather */ = {
			isa = PBXNativeTarget;
			buildConfigurationList = A2CCED1E268452A200DD49F0 /* Build configuration list for PBXNativeTarget "Weather" */;
			buildPhases = (
				A2CCECF02684529F00DD49F0 /* Sources */,
				A2CCECF12684529F00DD49F0 /* Frameworks */,
				A2CCECF22684529F00DD49F0 /* Resources */,
			);
			buildRules = (
			);
			dependencies = (
			);
			name = Weather;
			productName = Weather;
			productReference = A2CCECF4268452A000DD49F0 /* Weather.app */;
			productType = "com.apple.product-type.application";
		};
		A2CCED09268452A200DD49F0 /* WeatherTests */ = {
			isa = PBXNativeTarget;
			buildConfigurationList = A2CCED21268452A200DD49F0 /* Build configuration list for PBXNativeTarget "WeatherTests" */;
			buildPhases = (
				A2CCED06268452A200DD49F0 /* Sources */,
				A2CCED07268452A200DD49F0 /* Frameworks */,
				A2CCED08268452A200DD49F0 /* Resources */,
			);
			buildRules = (
			);
			dependencies = (
				A2CCED0C268452A200DD49F0 /* PBXTargetDependency */,
			);
			name = WeatherTests;
			productName = WeatherTests;
			productReference = A2CCED0A268452A200DD49F0 /* WeatherTests.xctest */;
			productType = "com.apple.product-type.bundle.unit-test";
		};
		A2CCED14268452A200DD49F0 /* WeatherUITests */ = {
			isa = PBXNativeTarget;
			buildConfigurationList = A2CCED24268452A200DD49F0 /* Build configuration list for PBXNativeTarget "WeatherUITests" */;
			buildPhases = (
				A2CCED11268452A200DD49F0 /* Sources */,
				A2CCED12268452A200DD49F0 /* Frameworks */,
				A2CCED13268452A200DD49F0 /* Resources */,
			);
			buildRules = (
			);
			dependencies = (
				A2CCED17268452A200DD49F0 /* PBXTargetDependency */,
			);
			name = WeatherUITests;
			productName = WeatherUITests;
			productReference = A2CCED15268452A200DD49F0 /* WeatherUITests.xctest */;
			productType = "com.apple.product-type.bundle.ui-testing";
		};
/* End PBXNativeTarget section */

/* Begin PBXProject section */
		A2CCECEC2684529F00DD49F0 /* Project object */ = {
			isa = PBXProject;
			attributes = {
				LastSwiftUpdateCheck = 1220;
				LastUpgradeCheck = 1220;
				ORGANIZATIONNAME = JDC;
				TargetAttributes = {
					A2CCECF32684529F00DD49F0 = {
						CreatedOnToolsVersion = 12.2;
					};
					A2CCED09268452A200DD49F0 = {
						CreatedOnToolsVersion = 12.2;
						TestTargetID = A2CCECF32684529F00DD49F0;
					};
					A2CCED14268452A200DD49F0 = {
						CreatedOnToolsVersion = 12.2;
						TestTargetID = A2CCECF32684529F00DD49F0;
					};
				};
			};
			buildConfigurationList = A2CCECEF2684529F00DD49F0 /* Build configuration list for PBXProject "Weather" */;
			compatibilityVersion = "Xcode 9.3";
			developmentRegion = en;
			hasScannedForEncodings = 0;
			knownRegions = (
				en,
				Base,
			);
			mainGroup = A2CCECEB2684529F00DD49F0;
			productRefGroup = A2CCECF5268452A000DD49F0 /* Products */;
			projectDirPath = "";
			projectRoot = "";
			targets = (
				A2CCECF32684529F00DD49F0 /* Weather */,
				A2CCED09268452A200DD49F0 /* WeatherTests */,
				A2CCED14268452A200DD49F0 /* WeatherUITests */,
			);
		};
/* End PBXProject section */

/* Begin PBXResourcesBuildPhase section */
		A2CCECF22684529F00DD49F0 /* Resources */ = {
			isa = PBXResourcesBuildPhase;
			buildActionMask = 2147483647;
			files = (
				A2CCED04268452A200DD49F0 /* LaunchScreen.storyboard in Resources */,
				A2CCED01268452A200DD49F0 /* Assets.xcassets in Resources */,
				A2CCECFF268452A000DD49F0 /* Main.storyboard in Resources */,
			);
			runOnlyForDeploymentPostprocessing = 0;
		};
		A2CCED08268452A200DD49F0 /* Resources */ = {
			isa = PBXResourcesBuildPhase;
			buildActionMask = 2147483647;
			files = (
			);
			runOnlyForDeploymentPostprocessing = 0;
		};
		A2CCED13268452A200DD49F0 /* Resources */ = {
			isa = PBXResourcesBuildPhase;
			buildActionMask = 2147483647;
			files = (
			);
			runOnlyForDeploymentPostprocessing = 0;
		};
/* End PBXResourcesBuildPhase section */

/* Begin PBXSourcesBuildPhase section */
		A2CCECF02684529F00DD49F0 /* Sources */ = {
			isa = PBXSourcesBuildPhase;
			buildActionMask = 2147483647;
			files = (
				A2CCED592684540800DD49F0 /* UILabel+EX.swift in Sources */,
				A2CCED6A2684547100DD49F0 /* WeatherViewController.swift in Sources */,
				A2CCED4E2684540800DD49F0 /* Networking.swift in Sources */,
				A2CCED562684540800DD49F0 /* UITableView+EX.swift in Sources */,
				A2CCED542684540800DD49F0 /* UIView+EX.swift in Sources */,
				A2CCED552684540800DD49F0 /* String+EX.swift in Sources */,
				A2CCED572684540800DD49F0 /* BuilderType.swift in Sources */,
				A2CCED6B2684547100DD49F0 /* WeatherTableViewCell.swift in Sources */,
				A2CCED682684547100DD49F0 /* WeatherMetaAPI.swift in Sources */,
				A2CCED582684540800DD49F0 /* UIImageView+EX.swift in Sources */,
				A2CCECF8268452A000DD49F0 /* AppDelegate.swift in Sources */,
				A2CCED692684547100DD49F0 /* WeatherModule.swift in Sources */,
				A2CCED4D2684540800DD49F0 /* InfraModule.swift in Sources */,
				A2CCED672684547100DD49F0 /* WeatherModel.swift in Sources */,
				A2CCECFA268452A000DD49F0 /* SceneDelegate.swift in Sources */,
			);
			runOnlyForDeploymentPostprocessing = 0;
		};
		A2CCED06268452A200DD49F0 /* Sources */ = {
			isa = PBXSourcesBuildPhase;
			buildActionMask = 2147483647;
			files = (
				A2CCED0F268452A200DD49F0 /* WeatherTests.swift in Sources */,
			);
			runOnlyForDeploymentPostprocessing = 0;
		};
		A2CCED11268452A200DD49F0 /* Sources */ = {
			isa = PBXSourcesBuildPhase;
			buildActionMask = 2147483647;
			files = (
				A2CCED1A268452A200DD49F0 /* WeatherUITests.swift in Sources */,
			);
			runOnlyForDeploymentPostprocessing = 0;
		};
/* End PBXSourcesBuildPhase section */

/* Begin PBXTargetDependency section */
		A2CCED0C268452A200DD49F0 /* PBXTargetDependency */ = {
			isa = PBXTargetDependency;
			target = A2CCECF32684529F00DD49F0 /* Weather */;
			targetProxy = A2CCED0B268452A200DD49F0 /* PBXContainerItemProxy */;
		};
		A2CCED17268452A200DD49F0 /* PBXTargetDependency */ = {
			isa = PBXTargetDependency;
			target = A2CCECF32684529F00DD49F0 /* Weather */;
			targetProxy = A2CCED16268452A200DD49F0 /* PBXContainerItemProxy */;
		};
/* End PBXTargetDependency section */

/* Begin PBXVariantGroup section */
		A2CCECFD268452A000DD49F0 /* Main.storyboard */ = {
			isa = PBXVariantGroup;
			children = (
				A2CCECFE268452A000DD49F0 /* Base */,
			);
			name = Main.storyboard;
			sourceTree = "<group>";
		};
		A2CCED02268452A200DD49F0 /* LaunchScreen.storyboard */ = {
			isa = PBXVariantGroup;
			children = (
				A2CCED03268452A200DD49F0 /* Base */,
			);
			name = LaunchScreen.storyboard;
			sourceTree = "<group>";
		};
/* End PBXVariantGroup section */

/* Begin XCBuildConfiguration section */
		A2CCED1C268452A200DD49F0 /* Debug */ = {
			isa = XCBuildConfiguration;
			buildSettings = {
				ALWAYS_SEARCH_USER_PATHS = NO;
				CLANG_ANALYZER_NONNULL = YES;
				CLANG_ANALYZER_NUMBER_OBJECT_CONVERSION = YES_AGGRESSIVE;
				CLANG_CXX_LANGUAGE_STANDARD = "gnu++14";
				CLANG_CXX_LIBRARY = "libc++";
				CLANG_ENABLE_MODULES = YES;
				CLANG_ENABLE_OBJC_ARC = YES;
				CLANG_ENABLE_OBJC_WEAK = YES;
				CLANG_WARN_BLOCK_CAPTURE_AUTORELEASING = YES;
				CLANG_WARN_BOOL_CONVERSION = YES;
				CLANG_WARN_COMMA = YES;
				CLANG_WARN_CONSTANT_CONVERSION = YES;
				CLANG_WARN_DEPRECATED_OBJC_IMPLEMENTATIONS = YES;
				CLANG_WARN_DIRECT_OBJC_ISA_USAGE = YES_ERROR;
				CLANG_WARN_DOCUMENTATION_COMMENTS = YES;
				CLANG_WARN_EMPTY_BODY = YES;
				CLANG_WARN_ENUM_CONVERSION = YES;
				CLANG_WARN_INFINITE_RECURSION = YES;
				CLANG_WARN_INT_CONVERSION = YES;
				CLANG_WARN_NON_LITERAL_NULL_CONVERSION = YES;
				CLANG_WARN_OBJC_IMPLICIT_RETAIN_SELF = YES;
				CLANG_WARN_OBJC_LITERAL_CONVERSION = YES;
				CLANG_WARN_OBJC_ROOT_CLASS = YES_ERROR;
				CLANG_WARN_QUOTED_INCLUDE_IN_FRAMEWORK_HEADER = YES;
				CLANG_WARN_RANGE_LOOP_ANALYSIS = YES;
				CLANG_WARN_STRICT_PROTOTYPES = YES;
				CLANG_WARN_SUSPICIOUS_MOVE = YES;
				CLANG_WARN_UNGUARDED_AVAILABILITY = YES_AGGRESSIVE;
				CLANG_WARN_UNREACHABLE_CODE = YES;
				CLANG_WARN__DUPLICATE_METHOD_MATCH = YES;
				COPY_PHASE_STRIP = NO;
				DEBUG_INFORMATION_FORMAT = dwarf;
				ENABLE_STRICT_OBJC_MSGSEND = YES;
				ENABLE_TESTABILITY = YES;
				GCC_C_LANGUAGE_STANDARD = gnu11;
				GCC_DYNAMIC_NO_PIC = NO;
				GCC_NO_COMMON_BLOCKS = YES;
				GCC_OPTIMIZATION_LEVEL = 0;
				GCC_PREPROCESSOR_DEFINITIONS = (
					"DEBUG=1",
					"$(inherited)",
				);
				GCC_WARN_64_TO_32_BIT_CONVERSION = YES;
				GCC_WARN_ABOUT_RETURN_TYPE = YES_ERROR;
				GCC_WARN_UNDECLARED_SELECTOR = YES;
				GCC_WARN_UNINITIALIZED_AUTOS = YES_AGGRESSIVE;
				GCC_WARN_UNUSED_FUNCTION = YES;
				GCC_WARN_UNUSED_VARIABLE = YES;
				IPHONEOS_DEPLOYMENT_TARGET = 14.2;
				MTL_ENABLE_DEBUG_INFO = INCLUDE_SOURCE;
				MTL_FAST_MATH = YES;
				ONLY_ACTIVE_ARCH = YES;
				SDKROOT = iphoneos;
				SWIFT_ACTIVE_COMPILATION_CONDITIONS = DEBUG;
				SWIFT_OPTIMIZATION_LEVEL = "-Onone";
			};
			name = Debug;
		};
		A2CCED1D268452A200DD49F0 /* Release */ = {
			isa = XCBuildConfiguration;
			buildSettings = {
				ALWAYS_SEARCH_USER_PATHS = NO;
				CLANG_ANALYZER_NONNULL = YES;
				CLANG_ANALYZER_NUMBER_OBJECT_CONVERSION = YES_AGGRESSIVE;
				CLANG_CXX_LANGUAGE_STANDARD = "gnu++14";
				CLANG_CXX_LIBRARY = "libc++";
				CLANG_ENABLE_MODULES = YES;
				CLANG_ENABLE_OBJC_ARC = YES;
				CLANG_ENABLE_OBJC_WEAK = YES;
				CLANG_WARN_BLOCK_CAPTURE_AUTORELEASING = YES;
				CLANG_WARN_BOOL_CONVERSION = YES;
				CLANG_WARN_COMMA = YES;
				CLANG_WARN_CONSTANT_CONVERSION = YES;
				CLANG_WARN_DEPRECATED_OBJC_IMPLEMENTATIONS = YES;
				CLANG_WARN_DIRECT_OBJC_ISA_USAGE = YES_ERROR;
				CLANG_WARN_DOCUMENTATION_COMMENTS = YES;
				CLANG_WARN_EMPTY_BODY = YES;
				CLANG_WARN_ENUM_CONVERSION = YES;
				CLANG_WARN_INFINITE_RECURSION = YES;
				CLANG_WARN_INT_CONVERSION = YES;
				CLANG_WARN_NON_LITERAL_NULL_CONVERSION = YES;
				CLANG_WARN_OBJC_IMPLICIT_RETAIN_SELF = YES;
				CLANG_WARN_OBJC_LITERAL_CONVERSION = YES;
				CLANG_WARN_OBJC_ROOT_CLASS = YES_ERROR;
				CLANG_WARN_QUOTED_INCLUDE_IN_FRAMEWORK_HEADER = YES;
				CLANG_WARN_RANGE_LOOP_ANALYSIS = YES;
				CLANG_WARN_STRICT_PROTOTYPES = YES;
				CLANG_WARN_SUSPICIOUS_MOVE = YES;
				CLANG_WARN_UNGUARDED_AVAILABILITY = YES_AGGRESSIVE;
				CLANG_WARN_UNREACHABLE_CODE = YES;
				CLANG_WARN__DUPLICATE_METHOD_MATCH = YES;
				COPY_PHASE_STRIP = NO;
				DEBUG_INFORMATION_FORMAT = "dwarf-with-dsym";
				ENABLE_NS_ASSERTIONS = NO;
				ENABLE_STRICT_OBJC_MSGSEND = YES;
				GCC_C_LANGUAGE_STANDARD = gnu11;
				GCC_NO_COMMON_BLOCKS = YES;
				GCC_WARN_64_TO_32_BIT_CONVERSION = YES;
				GCC_WARN_ABOUT_RETURN_TYPE = YES_ERROR;
				GCC_WARN_UNDECLARED_SELECTOR = YES;
				GCC_WARN_UNINITIALIZED_AUTOS = YES_AGGRESSIVE;
				GCC_WARN_UNUSED_FUNCTION = YES;
				GCC_WARN_UNUSED_VARIABLE = YES;
				IPHONEOS_DEPLOYMENT_TARGET = 14.2;
				MTL_ENABLE_DEBUG_INFO = NO;
				MTL_FAST_MATH = YES;
				SDKROOT = iphoneos;
				SWIFT_COMPILATION_MODE = wholemodule;
				SWIFT_OPTIMIZATION_LEVEL = "-O";
				VALIDATE_PRODUCT = YES;
			};
			name = Release;
		};
		A2CCED1F268452A200DD49F0 /* Debug */ = {
			isa = XCBuildConfiguration;
			buildSettings = {
				ASSETCATALOG_COMPILER_APPICON_NAME = AppIcon;
				ASSETCATALOG_COMPILER_GLOBAL_ACCENT_COLOR_NAME = AccentColor;
				CODE_SIGN_STYLE = Automatic;
				INFOPLIST_FILE = Weather/Info.plist;
				LD_RUNPATH_SEARCH_PATHS = (
					"$(inherited)",
					"@executable_path/Frameworks",
				);
				PRODUCT_BUNDLE_IDENTIFIER = JDC.Weather;
				PRODUCT_NAME = "$(TARGET_NAME)";
				SWIFT_VERSION = 5.0;
				TARGETED_DEVICE_FAMILY = 1;
			};
			name = Debug;
		};
		A2CCED20268452A200DD49F0 /* Release */ = {
			isa = XCBuildConfiguration;
			buildSettings = {
				ASSETCATALOG_COMPILER_APPICON_NAME = AppIcon;
				ASSETCATALOG_COMPILER_GLOBAL_ACCENT_COLOR_NAME = AccentColor;
				CODE_SIGN_STYLE = Automatic;
				INFOPLIST_FILE = Weather/Info.plist;
				LD_RUNPATH_SEARCH_PATHS = (
					"$(inherited)",
					"@executable_path/Frameworks",
				);
				PRODUCT_BUNDLE_IDENTIFIER = JDC.Weather;
				PRODUCT_NAME = "$(TARGET_NAME)";
				SWIFT_VERSION = 5.0;
				TARGETED_DEVICE_FAMILY = 1;
			};
			name = Release;
		};
		A2CCED22268452A200DD49F0 /* Debug */ = {
			isa = XCBuildConfiguration;
			buildSettings = {
				ALWAYS_EMBED_SWIFT_STANDARD_LIBRARIES = YES;
				BUNDLE_LOADER = "$(TEST_HOST)";
				CODE_SIGN_STYLE = Automatic;
				INFOPLIST_FILE = WeatherTests/Info.plist;
				IPHONEOS_DEPLOYMENT_TARGET = 14.2;
				LD_RUNPATH_SEARCH_PATHS = (
					"$(inherited)",
					"@executable_path/Frameworks",
					"@loader_path/Frameworks",
				);
				PRODUCT_BUNDLE_IDENTIFIER = JDC.WeatherTests;
				PRODUCT_NAME = "$(TARGET_NAME)";
				SWIFT_VERSION = 5.0;
				TARGETED_DEVICE_FAMILY = "1,2";
				TEST_HOST = "$(BUILT_PRODUCTS_DIR)/Weather.app/Weather";
			};
			name = Debug;
		};
		A2CCED23268452A200DD49F0 /* Release */ = {
			isa = XCBuildConfiguration;
			buildSettings = {
				ALWAYS_EMBED_SWIFT_STANDARD_LIBRARIES = YES;
				BUNDLE_LOADER = "$(TEST_HOST)";
				CODE_SIGN_STYLE = Automatic;
				INFOPLIST_FILE = WeatherTests/Info.plist;
				IPHONEOS_DEPLOYMENT_TARGET = 14.2;
				LD_RUNPATH_SEARCH_PATHS = (
					"$(inherited)",
					"@executable_path/Frameworks",
					"@loader_path/Frameworks",
				);
				PRODUCT_BUNDLE_IDENTIFIER = JDC.WeatherTests;
				PRODUCT_NAME = "$(TARGET_NAME)";
				SWIFT_VERSION = 5.0;
				TARGETED_DEVICE_FAMILY = "1,2";
				TEST_HOST = "$(BUILT_PRODUCTS_DIR)/Weather.app/Weather";
			};
			name = Release;
		};
		A2CCED25268452A200DD49F0 /* Debug */ = {
			isa = XCBuildConfiguration;
			buildSettings = {
				ALWAYS_EMBED_SWIFT_STANDARD_LIBRARIES = YES;
				CODE_SIGN_STYLE = Automatic;
				INFOPLIST_FILE = WeatherUITests/Info.plist;
				LD_RUNPATH_SEARCH_PATHS = (
					"$(inherited)",
					"@executable_path/Frameworks",
					"@loader_path/Frameworks",
				);
				PRODUCT_BUNDLE_IDENTIFIER = JDC.WeatherUITests;
				PRODUCT_NAME = "$(TARGET_NAME)";
				SWIFT_VERSION = 5.0;
				TARGETED_DEVICE_FAMILY = "1,2";
				TEST_TARGET_NAME = Weather;
			};
			name = Debug;
		};
		A2CCED26268452A200DD49F0 /* Release */ = {
			isa = XCBuildConfiguration;
			buildSettings = {
				ALWAYS_EMBED_SWIFT_STANDARD_LIBRARIES = YES;
				CODE_SIGN_STYLE = Automatic;
				INFOPLIST_FILE = WeatherUITests/Info.plist;
				LD_RUNPATH_SEARCH_PATHS = (
					"$(inherited)",
					"@executable_path/Frameworks",
					"@loader_path/Frameworks",
				);
				PRODUCT_BUNDLE_IDENTIFIER = JDC.WeatherUITests;
				PRODUCT_NAME = "$(TARGET_NAME)";
				SWIFT_VERSION = 5.0;
				TARGETED_DEVICE_FAMILY = "1,2";
				TEST_TARGET_NAME = Weather;
			};
			name = Release;
		};
/* End XCBuildConfiguration section */

/* Begin XCConfigurationList section */
		A2CCECEF2684529F00DD49F0 /* Build configuration list for PBXProject "Weather" */ = {
			isa = XCConfigurationList;
			buildConfigurations = (
				A2CCED1C268452A200DD49F0 /* Debug */,
				A2CCED1D268452A200DD49F0 /* Release */,
			);
			defaultConfigurationIsVisible = 0;
			defaultConfigurationName = Release;
		};
		A2CCED1E268452A200DD49F0 /* Build configuration list for PBXNativeTarget "Weather" */ = {
			isa = XCConfigurationList;
			buildConfigurations = (
				A2CCED1F268452A200DD49F0 /* Debug */,
				A2CCED20268452A200DD49F0 /* Release */,
			);
			defaultConfigurationIsVisible = 0;
			defaultConfigurationName = Release;
		};
		A2CCED21268452A200DD49F0 /* Build configuration list for PBXNativeTarget "WeatherTests" */ = {
			isa = XCConfigurationList;
			buildConfigurations = (
				A2CCED22268452A200DD49F0 /* Debug */,
				A2CCED23268452A200DD49F0 /* Release */,
			);
			defaultConfigurationIsVisible = 0;
			defaultConfigurationName = Release;
		};
		A2CCED24268452A200DD49F0 /* Build configuration list for PBXNativeTarget "WeatherUITests" */ = {
			isa = XCConfigurationList;
			buildConfigurations = (
				A2CCED25268452A200DD49F0 /* Debug */,
				A2CCED26268452A200DD49F0 /* Release */,
			);
			defaultConfigurationIsVisible = 0;
			defaultConfigurationName = Release;
		};
/* End XCConfigurationList section */
	};
	rootObject = A2CCECEC2684529F00DD49F0 /* Project object */;
}
